
Microsoft Visual Studio Solution File, Format Version 12.00
# Visual Studio Version 17
VisualStudioVersion = 17.8.34330.188
MinimumVisualStudioVersion = 10.0.40219.1
Project("{9A19103F-16F7-4668-BE54-9A1E7A4F7556}") = "Homework2Bruton", "Homework2Bruton\Homework2Bruton.csproj", "{0A5A65DD-BE84-4819-ADC3-A419F95F054A}"
EndProject
Project("{2150E333-8FDC-42A3-9474-1A3956D46DE8}") = "Solution Items", "Solution Items", "{5F328BA3-E2BB-41B5-953E-364775BFFC18}"
	ProjectSection(SolutionItems) = preProject
		README.md = README.md
	EndProjectSection
EndProject
Global
	GlobalSection(SolutionConfigurationPlatforms) = preSolution
		Debug|Any CPU = Debug|Any CPU
		Release|Any CPU = Release|Any CPU
	EndGlobalSection
	GlobalSection(ProjectConfigurationPlatforms) = postSolution
		{0A5A65DD-BE84-4819-ADC3-A419F95F054A}.Debug|Any CPU.ActiveCfg = Debug|Any CPU
		{0A5A65DD-BE84-4819-ADC3-A419F95F054A}.Debug|Any CPU.Build.0 = Debug|Any CPU
		{0A5A65DD-BE84-4819-ADC3-A419F95F054A}.Release|Any CPU.ActiveCfg = Release|Any CPU
		{0A5A65DD-BE84-4819-ADC3-A419F95F054A}.Release|Any CPU.Build.0 = Release|Any CPU
	EndGlobalSection
	GlobalSection(SolutionProperties) = preSolution
		HideSolutionNode = FALSE
	EndGlobalSection
	GlobalSection(ExtensibilityGlobals) = postSolution
		SolutionGuid = {B7173CED-413F-459C-B401-D71287C82488}
	EndGlobalSection
EndGlobal
